{
  "version": 4,
  "terraform_version": "1.0.9",
  "serial": 91,
  "lineage": "0718a587-3006-210d-2ca2-aec914775f25",
  "outputs": {
    "float_ips": {
      "value": {
        "": "10.212.143.152"
      },
      "type": [
        "object",
        {
          "": "string"
        }
      ]
    },
    "instance_ips": {
      "value": {
        "terraform-01": ""
      },
      "type": [
        "object",
        {
          "terraform-01": "string"
        }
      ]
    }
  },
  "resources": [
    {
      "mode": "managed",
      "type": "openstack_compute_floatingip_v2",
      "name": "fip",
      "provider": "provider[\"registry.terraform.io/terraform-provider-openstack/openstack\"]",
      "instances": [
        {
          "index_key": 0,
          "schema_version": 0,
          "attributes": {
            "address": "10.212.143.152",
            "fixed_ip": "",
            "id": "f6b415f6-c3b7-4d70-bc0d-ad272bd1ddb7",
            "instance_id": "",
            "pool": "ntnu-internal",
            "region": "SkyHiGh"
          },
          "sensitive_attributes": [],
          "private": "bnVsbA=="
        }
      ]
    },
    {
      "mode": "managed",
      "type": "openstack_compute_instance_v2",
      "name": "Instance",
      "provider": "provider[\"registry.terraform.io/terraform-provider-openstack/openstack\"]",
      "instances": [
        {
          "index_key": 0,
          "schema_version": 0,
          "attributes": {
            "access_ip_v4": "",
            "access_ip_v6": "",
            "admin_pass": null,
            "all_metadata": {},
            "all_tags": [],
            "availability_zone": "nova",
            "availability_zone_hints": null,
            "block_device": [],
            "config_drive": null,
            "flavor_id": "f9d74bd7-38be-4b90-9b09-1db9d8a83cf1",
            "flavor_name": "m1.small",
            "floating_ip": null,
            "force_delete": false,
            "id": "21eafdd6-c5c8-49ed-b2a5-a1c9b7c27a66",
            "image_id": "2dcc56bf-6f1e-47aa-8b6d-4096009d9c30",
            "image_name": "Ubuntu Server 20.04 LTS (Focal Fossa) amd64",
            "key_pair": "id_rsa",
            "metadata": null,
            "name": "terraform-01",
            "network": [],
            "network_mode": null,
            "personality": [],
            "power_state": "active",
            "region": "SkyHiGh",
            "scheduler_hints": [],
            "security_groups": [
              "default"
            ],
            "stop_before_destroy": false,
            "tags": null,
            "timeouts": null,
            "user_data": null,
            "vendor_options": [],
            "volume": []
          },
          "sensitive_attributes": [],
          "private": "eyJlMmJmYjczMC1lY2FhLTExZTYtOGY4OC0zNDM2M2JjN2M0YzAiOnsiY3JlYXRlIjoxODAwMDAwMDAwMDAwLCJkZWxldGUiOjE4MDAwMDAwMDAwMDAsInVwZGF0ZSI6MTgwMDAwMDAwMDAwMH19",
          "dependencies": [
            "openstack_compute_keypair_v2.id_rsa"
          ]
        }
      ]
    },
    {
      "mode": "managed",
      "type": "openstack_compute_keypair_v2",
      "name": "id_rsa",
      "provider": "provider[\"registry.terraform.io/terraform-provider-openstack/openstack\"]",
      "instances": [
        {
          "schema_version": 0,
          "attributes": {
            "fingerprint": "2c:fe:a1:d9:03:9e:99:1a:06:9f:43:f1:af:4c:28:0b",
            "id": "id_rsa",
            "name": "id_rsa",
            "private_key": "",
            "public_key": "ssh-rsa AAAAB3NzaC1yc2EAAAADAQABAAABAQDKZhUF84E2MX34sAWpIIdH+3IboI4JpM902wRJGZ2NIrhfG8+Fbww62gaURxD941iCTM0R9npG2UD+8bxZZbhSVAcvPxGuMvm7KOg1XENk3aq8AhVFWBw5Ic7kc6IFhISkt78iohkFL2SGSv5NYfPofLVfW+IelTjURApH/OKMfPd6lG7KHqyl82huNENLrWPv8rYVL2rFzNbYeBdyf4Wiche45nQqa2HrlbLPPy9BEY+FL8ARn79Q75d3I7jJyn7/xGQu/b20mf+J/aOCqkohKw5pm0f8MvpyM+O6ejbkW/kzLbIDT1qNk7kXup2CWx0DtfkRaomyFR2MH4K1V/3D korg@fractal\n",
            "region": "SkyHiGh",
            "value_specs": null
          },
          "sensitive_attributes": [],
          "private": "bnVsbA=="
        }
      ]
    }
  ]
}
